{
    "_meta": {
        "hash": {
            "sha256": "44978376d5e6c0874de6dfc1fa1f575070703e2aad17cffeac3acc148bcbd6df"
        },
        "pipfile-spec": 6,
        "requires": {
            "python_version": "3.5"
        },
        "sources": [
            {
                "name": "pypi",
                "url": "https://pypi.org/simple",
                "verify_ssl": true
            }
        ]
    },
    "default": {
        "certifi": {
            "hashes": [
                "sha256:376690d6f16d32f9d1fe8932551d80b23e9d393a8578c5633a2ed39a64861638",
                "sha256:456048c7e371c089d0a77a5212fb37a2c2dce1e24146e3b7e0261736aaeaa22a"
            ],
            "version": "==2018.8.24"
        },
        "chardet": {
            "hashes": [
                "sha256:84ab92ed1c4d4f16916e05906b6b75a6c0fb5db821cc65e70cbd64a3e2a5eaae",
                "sha256:fc323ffcaeaed0e0a02bf4d117757b98aed530d9ed4531e3e15460124c106691"
            ],
            "version": "==3.0.4"
        },
        "click": {
            "hashes": [
                "sha256:29f99fc6125fbc931b758dc053b3114e55c77a6e4c6c3a2674a2dc986016381d",
                "sha256:f15516df478d5a56180fbf80e68f206010e6d160fc39fa508b65e035fd75130b"
            ],
            "version": "==6.7"
        },
        "cython": {
            "hashes": [
                "sha256:022592d419fc754509d0e0461eb2958dbaa45fb60d51c8a61778c58994edbe36",
                "sha256:07659f4c57582104d9486c071de512fbd7e087a3a630535298442cc0e20a3f5a",
                "sha256:13c73e2ffa93a615851e03fad97591954d143b5b62361b9adef81f46a31cd8ef",
                "sha256:13eab5a2835a84ff62db343035603044c908d2b3b6eec09d67fdf9970acf7ac9",
                "sha256:183b35a48f58862c4ec1e821f07bb7b1156c8c8559c85c32ae086f28947474eb",
                "sha256:2f526b0887128bf20ab2acc905a975f62b5a04ab2f63ecbe5a30fc28285d0e0c",
                "sha256:32de8637f5e6c5a76667bc7c8fc644bd9314dc19af36db8ce30a0b92ada0f642",
                "sha256:4172c183ef4fb2ace6a29cdf7fc9200c5a471a7f775ff691975b774bd9ed3ad2",
                "sha256:553956ec06ecbd731ef0c538eb28a5b46bedea7ab89b18237ff28b4b99d65eee",
                "sha256:660eeb6870687fd3eda91e00ba4e72220545c254c8c4d967fd0c910f4fbb8cbc",
                "sha256:693a8619ef066ece055ed065a15cf440f9d3ebd1bca60e87ea19144833756433",
                "sha256:759c799e9ef418f163b5412e295e14c0a48fe3b4dcba9ab8aab69e9f511cfefd",
                "sha256:827d3a91b7a7c31ce69e5974496fd9a8ba28eb498b988affb66d0d30de11d934",
                "sha256:87e57b5d730cfab225d95e7b23abbc0c6f77598bd66639e93c73ce8afbae6f38",
                "sha256:9400e5db8383346b0694a3e794d8bded18a27b21123516dcdf4b79d7ec28e98b",
                "sha256:9ec27681c5b1b457aacb1cbda5db04aa28b76da2af6e1e1fd15f233eafe6a0b0",
                "sha256:ae4784f040a3313c8bd00c8d04934b7ade63dc59692d8f00a5235be8ed72a445",
                "sha256:b2ba8310ebd3c0e0b884d5e95bbd99d467d6af922acd1e44fe4b819839b2150e",
                "sha256:b64575241f64f6ec005a4d4137339fb0ba5e156e826db2fdb5f458060d9979e0",
                "sha256:c78ad0df75a9fc03ab28ca1b950c893a208c451a18f76796c3e25817d6994001",
                "sha256:cdbb917e41220bd3812234dbe59d15391adbc2c5d91ae11a5273aab9e32ba7ec",
                "sha256:d2223a80c623e2a8e97953ab945dfaa9385750a494438dcb55562eb1ddd9565a",
                "sha256:e22f21cf92a9f8f007a280e3b3462c886d9068132a6c698dec10ad6125e3ca1e",
                "sha256:ea5c16c48e561f4a6f6b8c24807494b77a79e156b8133521c400f22ca712101b",
                "sha256:ee7a9614d51fe16e32ca5befe72e0808baff481791728449d0b17c8b0fe29eb9",
                "sha256:ef86de9299e4ab2ebb129fb84b886bf40b9aced9807c6d6d5f28b46fb905f82c",
                "sha256:f3e4860f5458a9875caa3de65e255720c0ed2ce71f0bcdab02497b32104f9db8",
                "sha256:fc6c20a8ac22202a779ad4c59756647be0826993d2151a03c015e76d2368ae5f"
            ],
            "index": "pypi",
            "version": "==0.28.5"
        },
        "dnspython": {
            "hashes": [
                "sha256:40f563e1f7a7b80dc5a4e76ad75c23da53d62f1e15e6e517293b04e1f84ead7c",
                "sha256:861e6e58faa730f9845aaaa9c6c832851fbf89382ac52915a51f89c71accdd31"
            ],
            "version": "==1.15.0"
        },
        "eventlet": {
            "hashes": [
                "sha256:c584163e006e613707e224552fafc63e4e0aa31d7de0ab18b481ac0b385254c8",
                "sha256:d9d31a3c8dbcedbcce5859a919956d934685b17323fc80e1077cb344a2ffa68d"
            ],
            "index": "pypi",
            "version": "==0.24.1"
        },
        "flask": {
            "hashes": [
                "sha256:2271c0070dbcb5275fad4a82e29f23ab92682dc45f9dfbc22c02ba9b9322ce48",
                "sha256:a080b744b7e345ccfcbc77954861cb05b3c63786e93f2b3875e0913d44b43f05"
            ],
            "index": "pypi",
            "version": "==1.0.2"
        },
        "flask-socketio": {
            "hashes": [
                "sha256:034c36bad808f93efd5b0aeafd740dc314b0a848f17e9ec6c387c74b3f22dfe7",
                "sha256:794426c85f5b79d66c3ca583b6185d334f1493e655a1a0f02eb893a56970afe4"
            ],
            "index": "pypi",
            "version": "==3.0.1"
        },
        "flask-sqlalchemy": {
            "hashes": [
                "sha256:3bc0fac969dd8c0ace01b32060f0c729565293302f0c4269beed154b46bec50b",
                "sha256:5971b9852b5888655f11db634e87725a9031e170f37c0ce7851cf83497f56e53"
            ],
            "index": "pypi",
            "version": "==2.3.2"
        },
        "freetype-py": {
            "hashes": [
                "sha256:23c9dcd9c1797507b0e083c18848d476c72128137ca485665d149ce231001069",
                "sha256:6bca37436cf236d1dabcb3378ad4fd0275b1857aac90e7f2ed6ee2dca6c2b0b0",
                "sha256:d3dfe653f0bfa009befe2b63e7043a9dbac2c7a0b81292b48c787301adc868ec",
                "sha256:e93390054bc480e0684740f2f46236ea81d591d9c94c1a884e86cb0378c65b98",
                "sha256:edfeba3fe9d9e68bdd3368a1fa9c772a474ba3420cda8169dca570868d20526c",
                "sha256:ee441e568dc1fdbbe44bd4dc204de755fcbca47ff45426d66b05f93e78496131",
                "sha256:fb0f169b68fd842fabbec52378cf55fba26a1d74ad3dfb4fb9de133fe9903b4a"
            ],
            "index": "pypi",
            "version": "==2.0.0.post6"
        },
        "geojson": {
            "hashes": [
                "sha256:8831556d1ac18805c4955aa881e022e6ddcef44020b315200680eec6dd209e40",
                "sha256:c8873d12421665f6731b8e4c3b2484a4516c0d9b286c26cb7cffa781d062301a"
            ],
            "version": "==2.3.0"
        },
        "greenlet": {
            "hashes": [
                "sha256:0411b5bf0de5ec11060925fd811ad49073fa19f995bcf408839eb619b59bb9f7",
                "sha256:131f4ed14f0fd28d2a9fa50f79a57d5ed1c8f742d3ccac3d773fee09ef6fe217",
                "sha256:13510d32f8db72a0b3e1720dbf8cba5c4eecdf07abc4cb631982f51256c453d1",
                "sha256:31dc4d77ef04ab0460d024786f51466dbbc274fda7c8aad0885a6df5ff8d642e",
                "sha256:35021d9fecea53b21e4defec0ff3ad69a8e2b75aca1ceddd444a5ba71216547e",
                "sha256:426a8ef9e3b97c27e841648241c2862442c13c91ec4a48c4a72b262ccf30add9",
                "sha256:58217698193fb94f3e6ff57eed0ae20381a8d06c2bc10151f76c06bb449a3a19",
                "sha256:5f45adbbb69281845981bb4e0a4efb8a405f10f3cd6c349cb4a5db3357c6bf93",
                "sha256:5fdb524767288f7ad161d2182f7ed6cafc0a283363728dcd04b9485f6411547c",
                "sha256:71fbee1f7ef3fb42efa3761a8faefc796e7e425f528de536cfb4c9de03bde885",
                "sha256:80bd314157851d06f7db7ca527082dbb0ee97afefb529cdcd59f7a5950927ba0",
                "sha256:b843c9ef6aed54a2649887f55959da0031595ccfaf7e7a0ba7aa681ffeaa0aa1",
                "sha256:c6a05ef8125503d2d282ccf1448e3599b8a6bd805c3cdee79760fa3da0ea090e",
                "sha256:deeda2769a52db840efe5bf7bdf7cefa0ae17b43a844a3259d39fb9465c8b008",
                "sha256:e66f8b09eec1afdcab947d3a1d65b87b25fde39e9172ae1bec562488335633b4",
                "sha256:e8db93045414980dbada8908d49dbbc0aa134277da3ff613b3e548cb275bdd37",
                "sha256:f1cc268a15ade58d9a0c04569fe6613e19b8b0345b64453064e2c3c6d79051af",
                "sha256:fe3001b6a4f3f3582a865b9e5081cc548b973ec20320f297f5e2d46860e9c703",
                "sha256:fe85bf7adb26eb47ad53a1bae5d35a28df16b2b93b89042a3a28746617a4738d"
            ],
            "version": "==0.4.14"
        },
        "idna": {
            "hashes": [
                "sha256:156a6814fb5ac1fc6850fb002e0852d56c0c8d2531923a51032d1b70760e186e",
                "sha256:684a38a6f903c1d71d6d5fac066b58d7768af4de2b832e426ec79c30daa94a16"
            ],
            "version": "==2.7"
        },
        "itsdangerous": {
            "hashes": [
                "sha256:cbb3fcf8d3e33df861709ecaf89d9e6629cff0a217bc2848f1b41cd30d360519"
            ],
            "version": "==0.24"
        },
        "jinja2": {
            "hashes": [
                "sha256:74c935a1b8bb9a3947c50a54766a969d4846290e1e788ea44c1392163723c3bd",
                "sha256:f84be1bb0040caca4cea721fcbbbbd61f9be9464ca236387158b0feea01914a4"
            ],
            "version": "==2.10"
        },
        "markupsafe": {
            "hashes": [
                "sha256:a6be69091dac236ea9c6bc7d012beab42010fa914c459791d627dad4910eb665"
            ],
            "version": "==1.0"
        },
        "monotonic": {
            "hashes": [
                "sha256:23953d55076df038541e648a53676fb24980f7a1be290cdda21300b3bc21dfb0",
                "sha256:552a91f381532e33cbd07c6a2655a21908088962bb8fa7239ecbcc6ad1140cc7"
            ],
            "version": "==1.5"
        },
        "noise": {
            "hashes": [
                "sha256:065be3531a6b7a7dfcb6840646400a75e081511c524caa04feaea11e16e7ab24",
                "sha256:15582a58c9ee79b07436a1220bd6c4145266865262d1e6478d37a08b7d910da8",
                "sha256:20d1c89a2b8c3714abe5a5fa653b3ab9ab01aee1475993b8bdb9d5e26bc081cc",
                "sha256:36036cdaca131ddd2ab4397fba649af7f074ec08031e1e0a51031d0ae23b509a",
                "sha256:57a2797436574391ff63a111e852e53a4164ecd81ad23639641743cd1a209b65",
                "sha256:93ac2977cf0e8f5cb90a2e828a5dfefc438bfb1fb8d7fd1ee305f05eadc8578e",
                "sha256:f7ef26a4c334224e7763e740fc945c26c0abf9ba51a19d4f5befa1d20d7da0b7",
                "sha256:f82933563ef89651865cc7cbfab11721a2229f5c6c8c009a041be4fb887949f2"
            ],
            "index": "pypi",
            "version": "==1.2.2"
        },
        "numpy": {
            "hashes": [
                "sha256:1c362ad12dd09a43b348bb28dd2295dd9cdf77f41f0f45965e04ba97f525b864",
                "sha256:2156a06bd407918df4ac0122df6497a9c137432118f585e5b17d543e593d1587",
                "sha256:24e4149c38489b51fc774b1e1faa9103e82f73344d7a00ba66f6845ab4769f3f",
                "sha256:340ec1697d9bb3a9c464028af7a54245298502e91178bddb4c37626d36e197b7",
                "sha256:35db8d419345caa4eeaa65cd63f34a15208acd87530a30f0bc25fc84f55c8c80",
                "sha256:361370e9b7f5e44c41eee29f2bb5cb3b755abb4b038bce6d6cbe08db7ff9cb74",
                "sha256:36e8dcd1813ca92ce7e4299120cee6c03adad33d89b54862c1b1a100443ac399",
                "sha256:378378973546ecc1dfaf9e24c160d683dd04df871ecd2dcc86ce658ca20f92c0",
                "sha256:419e6faee16097124ee627ed31572c7e80a1070efa25260b78097cca240e219a",
                "sha256:4287104c24e6a09b9b418761a1e7b1bbde65105f110690ca46a23600a3c606b8",
                "sha256:549f3e9778b148a47f4fb4682955ed88057eb627c9fe5467f33507c536deda9d",
                "sha256:5e359e9c531075220785603e5966eef20ccae9b3b6b8a06fdfb66c084361ce92",
                "sha256:5ee7f3dbbdba0da75dec7e94bd7a2b10fe57a83e1b38e678200a6ad8e7b14fdc",
                "sha256:62d55e96ec7b117d3d5e618c15efcf769e70a6effaee5842857b64fb4883887a",
                "sha256:719b6789acb2bc86ea9b33a701d7c43dc2fc56d95107fd3c5b0a8230164d4dfb",
                "sha256:7a70f2b60d48828cba94a54a8776b61a9c2657a803d47f5785f8062e3a9c7c55",
                "sha256:7b9e37f194f8bcdca8e9e6af92e2cbad79e360542effc2dd6b98d63955d8d8a3",
                "sha256:83b8fc18261b70f45bece2d392537c93dc81eb6c539a16c9ac994c47fc79f09a",
                "sha256:9473ad28375710ab18378e72b59422399b27e957e9339c413bf00793b4b12df0",
                "sha256:95b085b253080e5d09f7826f5e27dce067bae813a132023a77b739614a29de6e",
                "sha256:98b86c62c08c2e5dc98a9c856d4a95329d11b1c6058cb9b5191d5ea6891acd09",
                "sha256:a3bd01d6d3ed3d7c06d7f9979ba5d68281f15383fafd53b81aa44b9191047cf8",
                "sha256:c81a6afc1d2531a9ada50b58f8c36197f8418ef3d0611d4c1d7af93fdcda764f",
                "sha256:ce75ed495a746e3e78cfa22a77096b3bff2eda995616cb7a542047f233091268",
                "sha256:dae8618c0bcbfcf6cf91350f8abcdd84158323711566a8c5892b5c7f832af76f",
                "sha256:df0b02c6705c5d1c25cc35c7b5d6b6f9b3b30833f9d178843397ae55ecc2eebb",
                "sha256:e3660744cda0d94b90141cdd0db9308b958a372cfeee8d7188fdf5ad9108ea82",
                "sha256:f2362d0ca3e16c37782c1054d7972b8ad2729169567e3f0f4e5dd3cdf85f188e"
            ],
            "index": "pypi",
            "version": "==1.15.1"
        },
        "pillow": {
            "hashes": [
                "sha256:00def5b638994f888d1058e4d17c86dec8e1113c3741a0a8a659039aec59a83a",
                "sha256:026449b64e559226cdb8e6d8c931b5965d8fc90ec18ebbb0baa04c5b36503c72",
                "sha256:03dbb224ee196ef30ed2156d41b579143e1efeb422974719a5392fc035e4f574",
                "sha256:03eb0e04f929c102ae24bc436bf1c0c60a4e63b07ebd388e84d8b219df3e6acd",
                "sha256:1be66b9a89e367e7d20d6cae419794997921fe105090fafd86ef39e20a3baab2",
                "sha256:1e977a3ed998a599bda5021fb2c2889060617627d3ae228297a529a082a3cd5c",
                "sha256:22cf3406d135cfcc13ec6228ade774c8461e125c940e80455f500638429be273",
                "sha256:24adccf1e834f82718c7fc8e3ec1093738da95144b8b1e44c99d5fc7d3e9c554",
                "sha256:2a3e362c97a5e6a259ee9cd66553292a1f8928a5bdfa3622fdb1501570834612",
                "sha256:3832e26ecbc9d8a500821e3a1d3765bda99d04ae29ffbb2efba49f5f788dc934",
                "sha256:4fd1f0c2dc02aaec729d91c92cd85a2df0289d88e9f68d1e8faba750bb9c4786",
                "sha256:4fda62030f2c515b6e2e673c57caa55cb04026a81968f3128aae10fc28e5cc27",
                "sha256:5044d75a68b49ce36a813c82d8201384207112d5d81643937fc758c05302f05b",
                "sha256:522184556921512ec484cb93bd84e0bab915d0ac5a372d49571c241a7f73db62",
                "sha256:5914cff11f3e920626da48e564be6818831713a3087586302444b9c70e8552d9",
                "sha256:6661a7908d68c4a133e03dac8178287aa20a99f841ea90beeb98a233ae3fd710",
                "sha256:79258a8df3e309a54c7ef2ef4a59bb8e28f7e4a8992a3ad17c24b1889ced44f3",
                "sha256:7d74c20b8f1c3e99d3f781d3b8ff5abfefdd7363d61e23bdeba9992ff32cc4b4",
                "sha256:81918afeafc16ba5d9d0d4e9445905f21aac969a4ebb6f2bff4b9886da100f4b",
                "sha256:8194d913ca1f459377c8a4ed8f9b7ad750068b8e0e3f3f9c6963fcc87a84515f",
                "sha256:84d5d31200b11b3c76fab853b89ac898bf2d05c8b3da07c1fcc23feb06359d6e",
                "sha256:989981db57abffb52026b114c9a1f114c7142860a6d30a352d28f8cbf186500b",
                "sha256:a3d7511d3fad1618a82299aab71a5fceee5c015653a77ffea75ced9ef917e71a",
                "sha256:b3ef168d4d6fd4fa6685aef7c91400f59f7ab1c0da734541f7031699741fb23f",
                "sha256:c1c5792b6e74bbf2af0f8e892272c2a6c48efa895903211f11b8342e03129fea",
                "sha256:c5dcb5a56aebb8a8f2585042b2f5c496d7624f0bcfe248f0cc33ceb2fd8d39e7",
                "sha256:e2bed4a04e2ca1050bb5f00865cf2f83c0b92fd62454d9244f690fcd842e27a4",
                "sha256:e87a527c06319428007e8c30511e1f0ce035cb7f14bb4793b003ed532c3b9333",
                "sha256:f63e420180cbe22ff6e32558b612e75f50616fc111c5e095a4631946c782e109",
                "sha256:f8b3d413c5a8f84b12cd4c5df1d8e211777c9852c6be3ee9c094b626644d3eab"
            ],
            "index": "pypi",
            "version": "==5.2.0"
        },
        "pygame": {
            "hashes": [
                "sha256:06dc92ccfea33b85f209db3d49f99a2a30c88fe9fb80fa2564cee443ece787b5",
                "sha256:0919a2ec5fcb0d00518c2a5fa99858ccf22d7fbcc0e12818b317062d11386984",
                "sha256:0a8c92e700e0042faefa998fa064616f330201890d6ea1c993eb3ff30ab53e99",
                "sha256:220a1048ebb3d11a4d48cc4219ec8f65ca62fcafd255239478677625e8ead2e9",
                "sha256:315861d2b8428f7b4d56d2c98d6c1acc18f08c77af4b129211bc036774f64be2",
                "sha256:3469e87867832fe5226396626a8a6a9dac9b2e21a7819dd8cd96cf0e08bbcd41",
                "sha256:54c19960180626165512d596235d75dc022d38844467cec769a8d8153fd66645",
                "sha256:5ba598736ab9716f53dc943a659a9578f62acfe00c0c9c5490f3aca61d078f75",
                "sha256:60ddc4f361babb30ff2d554132b1f3296490f3149d6c1c77682213563f59937a",
                "sha256:6a49ab8616a9de534f1bf62c98beabf0e0bb0b6ff8917576bba22820bba3fdad",
                "sha256:6d4966eeba652df2fd9a757b3fc5b29b578b47b58f991ad714471661ea2141cb",
                "sha256:700d1781c999af25d11bfd1f3e158ebb660f72ebccb2040ecafe5069d0b2c0b6",
                "sha256:73f4c28e894e76797b8ccaf6eb1205b433efdb803c70f489ebc3db6ac9c097e6",
                "sha256:786eca2bea11abd924f3f67eb2483bcb22acff08f28dbdbf67130abe54b23797",
                "sha256:7bcf586a1c51a735361ca03561979eea3180de45e6165bcdfa12878b752544af",
                "sha256:82a1e93d82c1babceeb278c55012a9f5140e77665d372a6d97ec67786856d254",
                "sha256:9e03589bc80a21ae951fca7659a767b7cac668289937e3756c0ab3d753cf6d24",
                "sha256:aa8926a4e34fb0943abe1a8bb04a0ad82265341bf20064c0862db0a521100dfc",
                "sha256:aa90689b889c417d2ac571ef2bbb5f7e735ae30c7553c60fae7508404f46c101",
                "sha256:c9f8cdefee267a2e690bf17d61a8f5670b620f25a981f24781b034363a8eedc9",
                "sha256:d9177afb2f46103bfc28a51fbc49ce18987a857e5c934db47b4a7030cb30fbd0",
                "sha256:deb0551d4bbfb8131e2463a7fe1943bfcec5beb11acdf9c4bfa27fa5a9758d62",
                "sha256:e7edfe57a5972aa9130ce9a186020a0f097e7a8e4c25e292109bdae1432b77f9",
                "sha256:f0ad32efb9e26160645d62ba6cf3e5a5828dc4e82e8f41f9badfe7b685b07295"
            ],
            "index": "pypi",
            "version": "==1.9.4"
        },
        "pyowm": {
            "hashes": [
                "sha256:1b42393ec661102f140755109a8cfc37142a5d9d3acbb8328041a8b7d730e1ce",
                "sha256:630887c9189b58f5ecad6a571679d57defe48085faeea4d78825d7749bb61d10",
                "sha256:ed175873823a2fedb48e453505c974ca39f3f75006ef1af54fdbcf72e6796849"
            ],
            "index": "pypi",
            "version": "==2.9.0"
        },
        "pyserial": {
            "hashes": [
                "sha256:6e2d401fdee0eab996cf734e67773a0143b932772ca8b42451440cfed942c627",
                "sha256:e0770fadba80c31013896c7e6ef703f72e7834965954a78e71a3049488d4d7d8"
            ],
            "index": "pypi",
            "version": "==3.4"
        },
        "python-engineio": {
            "hashes": [
                "sha256:abf0d11098643eb1278d2db4dfbd13c0fe3cbfa99315572fd1c223277df62f2e",
                "sha256:d35c50db73bf372f82975dc87f18f1cbfab7d5bed2dfc2553ae784579502a461"
            ],
            "version": "==2.2.0"
        },
        "python-socketio": {
            "hashes": [
                "sha256:3513110bc14db4c961c33af51169705bbaeead380ecafbe845275ac8c6f9395f",
                "sha256:bde24ef6132a3c2e1b24e77847b31d331abdf8da8c711f0ef9cee4785000e023"
            ],
            "version": "==2.0.0"
        },
        "requests": {
            "hashes": [
                "sha256:63b52e3c866428a224f97cab011de738c36aec0185aa91cfacd418b5d58911d1",
                "sha256:ec22d826a36ed72a7358ff3fe56cbd4ba69dd7a6718ffd450ff0e9df7a47ce6a"
            ],
            "version": "==2.19.1"
        },
        "six": {
            "hashes": [
                "sha256:70e8a77beed4562e7f14fe23a786b54f6296e34344c23bc42f07b15018ff98e9",
                "sha256:832dc0e10feb1aa2c68dcc57dbb658f1c7e65b9b61af69048abc87a2db00a0eb"
            ],
            "version": "==1.11.0"
        },
        "sqlalchemy": {
            "hashes": [
                "sha256:ef6569ad403520ee13e180e1bfd6ed71a0254192a934ec1dbd3dbf48f4aa9524"
            ],
            "index": "pypi",
            "version": "==1.2.11"
        },
        "urllib3": {
            "hashes": [
                "sha256:a68ac5e15e76e7e5dd2b8f94007233e01effe3e50e8daddf69acfd81cb686baf",
                "sha256:b5725a0bd4ba422ab0e66e89e030c806576753ea3ee08554382c14e685d117b5"
            ],
            "markers": "python_version != '3.0.*' and python_version >= '2.6' and python_version != '3.1.*' and python_version != '3.3.*' and python_version != '3.2.*' and python_version < '4'",
            "version": "==1.23"
        },
        "werkzeug": {
            "hashes": [
                "sha256:c3fd7a7d41976d9f44db327260e263132466836cef6f91512889ed60ad26557c",
                "sha256:d5da73735293558eb1651ee2fddc4d0dedcfa06538b8813a2e20011583c9e49b"
            ],
            "version": "==0.14.1"
        }
    },
    "develop": {}
}
